// !$*UTF8*$!
{
	archiveVersion = 1;
	classes = {
	};
	objectVersion = 77;
	objects = {

/* Begin PBXBuildFile section */
		05D4897304455B589E36DE9A /* DirectoryPicker.swift in Sources */ = {isa = PBXBuildFile; fileRef = 3AF0FBD5E277DB77704AF2A0 /* DirectoryPicker.swift */; };
		078A1A7C9381564D7580928F /* DropdownPresentable.swift in Sources */ = {isa = PBXBuildFile; fileRef = 43349C90DAE56AC7B45A371A /* DropdownPresentable.swift */; };
		0D37E187AEC42E143AE88E3B /* HotkeyManager.swift in Sources */ = {isa = PBXBuildFile; fileRef = A0DF9C2E820F9830D126DF65 /* HotkeyManager.swift */; };
		0EA63DE5AA7C4F25235FD777 /* DropdownWindowController.swift in Sources */ = {isa = PBXBuildFile; fileRef = 56B47BB3F3FB2310B6058960 /* DropdownWindowController.swift */; };
		1CFE60F001570B765EC433A3 /* StatusLineSegment.swift in Sources */ = {isa = PBXBuildFile; fileRef = F40A3E8383462576A8D49343 /* StatusLineSegment.swift */; };
		1D020BA004CDE71C27F74E6B /* SwiftTerm in Frameworks */ = {isa = PBXBuildFile; productRef = 2E3976FB8BD5DE166B6D3657 /* SwiftTerm */; };
		1ECE9346273B3067B9117CC0 /* WorkingDirectoryResolver.swift in Sources */ = {isa = PBXBuildFile; fileRef = C002FC379834A55747DB57C7 /* WorkingDirectoryResolver.swift */; };
		28B24BD020D1AAC8526800F4 /* LoginShell.swift in Sources */ = {isa = PBXBuildFile; fileRef = 804C78731C0B25856DF271F1 /* LoginShell.swift */; };
		2D8EDF9B60BFB4255FE0534F /* LocalCredentialUsageProvider.swift in Sources */ = {isa = PBXBuildFile; fileRef = 3115707B2719CBF597CAA816 /* LocalCredentialUsageProvider.swift */; };
		3D6977B21393E3EDF47C754F /* AppMain.swift in Sources */ = {isa = PBXBuildFile; fileRef = BC73D81CEDE2F24244813E13 /* AppMain.swift */; };
		46353A68F51FB7BCF8544CF6 /* DesignColor.swift in Sources */ = {isa = PBXBuildFile; fileRef = C2875C19DE775F52CA41C9FD /* DesignColor.swift */; };
		582EDF7D903F5F9702CD8C7B /* StatusBarController.swift in Sources */ = {isa = PBXBuildFile; fileRef = CCC583FE78BF8873998EBB26 /* StatusBarController.swift */; };
		72F34BD65FB5197230412D1B /* ClaudeCodeCredentialStore.swift in Sources */ = {isa = PBXBuildFile; fileRef = C3A27883AB42C40A374ACF58 /* ClaudeCodeCredentialStore.swift */; };
		75178E1DB285C17B11F63BDD /* KeyboardShortcuts in Frameworks */ = {isa = PBXBuildFile; productRef = 7ABF5A4C576CBCCEAE32832F /* KeyboardShortcuts */; };
		76E5A157438425DA968E7A1B /* TerminalViewController.swift in Sources */ = {isa = PBXBuildFile; fileRef = 795FEE7CD362E8E048E2132D /* TerminalViewController.swift */; };
		7A0D5BC6E04514C00BD68275 /* Assets.xcassets in Resources */ = {isa = PBXBuildFile; fileRef = 31132A62B7FBE08DFF049CE6 /* Assets.xcassets */; };
		8597B0E645748C8C99EE5B25 /* MenuBarIconRenderer.swift in Sources */ = {isa = PBXBuildFile; fileRef = A8CA38CC44A952C7EBD45342 /* MenuBarIconRenderer.swift */; };
		874FE61810F0E6E99D0DF03A /* AppPreferences.swift in Sources */ = {isa = PBXBuildFile; fileRef = 97B4E599A67BC97F0984A7DE /* AppPreferences.swift */; };
		89C01A7EE3A0276CDFE662E4 /* UsageProvider.swift in Sources */ = {isa = PBXBuildFile; fileRef = AEF9B6596FAD48CBA9851028 /* UsageProvider.swift */; };
		9989CF6344FE36E62A46A41C /* DropdownPanel.swift in Sources */ = {isa = PBXBuildFile; fileRef = EEF45AC67ABD442FFF11F5C6 /* DropdownPanel.swift */; };
		9A54F84A0DA08E9396351A31 /* ScreenLocator.swift in Sources */ = {isa = PBXBuildFile; fileRef = E52376B0B5C6A3D75AFCE61E /* ScreenLocator.swift */; };
		A3512258DECE17BD8F067FC6 /* ClaudeCodeStatusLineBridge.swift in Sources */ = {isa = PBXBuildFile; fileRef = 926EEE91B02DB8AE327CB964 /* ClaudeCodeStatusLineBridge.swift */; };
		61E9A7464D53495AA41B8021 /* ClaudeWorkingStateBridge.swift in Sources */ = {isa = PBXBuildFile; fileRef = 44A069497CBE48B885BF3001 /* ClaudeWorkingStateBridge.swift */; };
		A6E14D1330BA9FA8A2A8F41B /* StatusLineView.swift in Sources */ = {isa = PBXBuildFile; fileRef = F89AD5372899C90FD51EC8A6 /* StatusLineView.swift */; };
		A7DFB6C3D26B9BDB72A6EB9D /* FlippedView.swift in Sources */ = {isa = PBXBuildFile; fileRef = 0D808B6865F8DCD139EF99EC /* FlippedView.swift */; };
		ACBA68EA4BD35DB03738A5B3 /* LaunchAtLogin in Frameworks */ = {isa = PBXBuildFile; productRef = A63403B77067CB9AFC9DC844 /* LaunchAtLogin */; };
		BD5CA292F1BF61196E6F1AF6 /* StatusLineController.swift in Sources */ = {isa = PBXBuildFile; fileRef = 68D3537F5756735855E3C6F4 /* StatusLineController.swift */; };
		D825834FA3D8475A9BAD0AAF /* AppDelegate.swift in Sources */ = {isa = PBXBuildFile; fileRef = BF0A36E81F556C4BB8AC4CD1 /* AppDelegate.swift */; };
		E9854BC5E6BDB6B0FD200643 /* GitInspector.swift in Sources */ = {isa = PBXBuildFile; fileRef = D26029593FB590C2EBB61486 /* GitInspector.swift */; };
		ED51713D274471C7C2412D13 /* UsagePoller.swift in Sources */ = {isa = PBXBuildFile; fileRef = 5CE6F61FE78BE3BE01F940A2 /* UsagePoller.swift */; };
		EEDCA121F3ED38D13A5A5D42 /* Segments.swift in Sources */ = {isa = PBXBuildFile; fileRef = EB24BC0E5D05D52FACEDF0B7 /* Segments.swift */; };
		F4A73C99BC3743068CCAAFD4 /* PreferencesView.swift in Sources */ = {isa = PBXBuildFile; fileRef = 763B3A74D3E5C063E934C5CB /* PreferencesView.swift */; };
		F8BE40B4B2681E73E8670B13 /* UsageSnapshot.swift in Sources */ = {isa = PBXBuildFile; fileRef = BF951FB26BC8C24C6CDC492C /* UsageSnapshot.swift */; };
/* End PBXBuildFile section */

/* Begin PBXFileReference section */
		0D808B6865F8DCD139EF99EC /* FlippedView.swift */ = {isa = PBXFileReference; lastKnownFileType = sourcecode.swift; path = FlippedView.swift; sourceTree = "<group>"; };
		31132A62B7FBE08DFF049CE6 /* Assets.xcassets */ = {isa = PBXFileReference; lastKnownFileType = folder.assetcatalog; path = Assets.xcassets; sourceTree = "<group>"; };
		3115707B2719CBF597CAA816 /* LocalCredentialUsageProvider.swift */ = {isa = PBXFileReference; lastKnownFileType = sourcecode.swift; path = LocalCredentialUsageProvider.swift; sourceTree = "<group>"; };
		3AF0FBD5E277DB77704AF2A0 /* DirectoryPicker.swift */ = {isa = PBXFileReference; lastKnownFileType = sourcecode.swift; path = DirectoryPicker.swift; sourceTree = "<group>"; };
		43349C90DAE56AC7B45A371A /* DropdownPresentable.swift */ = {isa = PBXFileReference; lastKnownFileType = sourcecode.swift; path = DropdownPresentable.swift; sourceTree = "<group>"; };
		47B5F8FFC1C8E33F062BD4AC /* ClaudeSnap.app */ = {isa = PBXFileReference; explicitFileType = wrapper.application; includeInIndex = 0; path = ClaudeSnap.app; sourceTree = BUILT_PRODUCTS_DIR; };
		56B47BB3F3FB2310B6058960 /* DropdownWindowController.swift */ = {isa = PBXFileReference; lastKnownFileType = sourcecode.swift; path = DropdownWindowController.swift; sourceTree = "<group>"; };
		5CE6F61FE78BE3BE01F940A2 /* UsagePoller.swift */ = {isa = PBXFileReference; lastKnownFileType = sourcecode.swift; path = UsagePoller.swift; sourceTree = "<group>"; };
		68D3537F5756735855E3C6F4 /* StatusLineController.swift */ = {isa = PBXFileReference; lastKnownFileType = sourcecode.swift; path = StatusLineController.swift; sourceTree = "<group>"; };
		763B3A74D3E5C063E934C5CB /* PreferencesView.swift */ = {isa = PBXFileReference; lastKnownFileType = sourcecode.swift; path = PreferencesView.swift; sourceTree = "<group>"; };
		795FEE7CD362E8E048E2132D /* TerminalViewController.swift */ = {isa = PBXFileReference; lastKnownFileType = sourcecode.swift; path = TerminalViewController.swift; sourceTree = "<group>"; };
		804C78731C0B25856DF271F1 /* LoginShell.swift */ = {isa = PBXFileReference; lastKnownFileType = sourcecode.swift; path = LoginShell.swift; sourceTree = "<group>"; };
		926EEE91B02DB8AE327CB964 /* ClaudeCodeStatusLineBridge.swift */ = {isa = PBXFileReference; lastKnownFileType = sourcecode.swift; path = ClaudeCodeStatusLineBridge.swift; sourceTree = "<group>"; };
		44A069497CBE48B885BF3001 /* ClaudeWorkingStateBridge.swift */ = {isa = PBXFileReference; lastKnownFileType = sourcecode.swift; path = ClaudeWorkingStateBridge.swift; sourceTree = "<group>"; };
		97B4E599A67BC97F0984A7DE /* AppPreferences.swift */ = {isa = PBXFileReference; lastKnownFileType = sourcecode.swift; path = AppPreferences.swift; sourceTree = "<group>"; };
		A0DF9C2E820F9830D126DF65 /* HotkeyManager.swift */ = {isa = PBXFileReference; lastKnownFileType = sourcecode.swift; path = HotkeyManager.swift; sourceTree = "<group>"; };
		A15F9E5E371A365D6E21A7B1 /* ClaudeSnap.entitlements */ = {isa = PBXFileReference; lastKnownFileType = text.plist.entitlements; path = ClaudeSnap.entitlements; sourceTree = "<group>"; };
		A8CA38CC44A952C7EBD45342 /* MenuBarIconRenderer.swift */ = {isa = PBXFileReference; lastKnownFileType = sourcecode.swift; path = MenuBarIconRenderer.swift; sourceTree = "<group>"; };
		AEF9B6596FAD48CBA9851028 /* UsageProvider.swift */ = {isa = PBXFileReference; lastKnownFileType = sourcecode.swift; path = UsageProvider.swift; sourceTree = "<group>"; };
		BC73D81CEDE2F24244813E13 /* AppMain.swift */ = {isa = PBXFileReference; lastKnownFileType = sourcecode.swift; path = AppMain.swift; sourceTree = "<group>"; };
		BF0A36E81F556C4BB8AC4CD1 /* AppDelegate.swift */ = {isa = PBXFileReference; lastKnownFileType = sourcecode.swift; path = AppDelegate.swift; sourceTree = "<group>"; };
		BF951FB26BC8C24C6CDC492C /* UsageSnapshot.swift */ = {isa = PBXFileReference; lastKnownFileType = sourcecode.swift; path = UsageSnapshot.swift; sourceTree = "<group>"; };
		C002FC379834A55747DB57C7 /* WorkingDirectoryResolver.swift */ = {isa = PBXFileReference; lastKnownFileType = sourcecode.swift; path = WorkingDirectoryResolver.swift; sourceTree = "<group>"; };
		C2875C19DE775F52CA41C9FD /* DesignColor.swift */ = {isa = PBXFileReference; lastKnownFileType = sourcecode.swift; path = DesignColor.swift; sourceTree = "<group>"; };
		C3A27883AB42C40A374ACF58 /* ClaudeCodeCredentialStore.swift */ = {isa = PBXFileReference; lastKnownFileType = sourcecode.swift; path = ClaudeCodeCredentialStore.swift; sourceTree = "<group>"; };
		CCC583FE78BF8873998EBB26 /* StatusBarController.swift */ = {isa = PBXFileReference; lastKnownFileType = sourcecode.swift; path = StatusBarController.swift; sourceTree = "<group>"; };
		D26029593FB590C2EBB61486 /* GitInspector.swift */ = {isa = PBXFileReference; lastKnownFileType = sourcecode.swift; path = GitInspector.swift; sourceTree = "<group>"; };
		E52376B0B5C6A3D75AFCE61E /* ScreenLocator.swift */ = {isa = PBXFileReference; lastKnownFileType = sourcecode.swift; path = ScreenLocator.swift; sourceTree = "<group>"; };
		EB24BC0E5D05D52FACEDF0B7 /* Segments.swift */ = {isa = PBXFileReference; lastKnownFileType = sourcecode.swift; path = Segments.swift; sourceTree = "<group>"; };
		EEF45AC67ABD442FFF11F5C6 /* DropdownPanel.swift */ = {isa = PBXFileReference; lastKnownFileType = sourcecode.swift; path = DropdownPanel.swift; sourceTree = "<group>"; };
		F40A3E8383462576A8D49343 /* StatusLineSegment.swift */ = {isa = PBXFileReference; lastKnownFileType = sourcecode.swift; path = StatusLineSegment.swift; sourceTree = "<group>"; };
		F89AD5372899C90FD51EC8A6 /* StatusLineView.swift */ = {isa = PBXFileReference; lastKnownFileType = sourcecode.swift; path = StatusLineView.swift; sourceTree = "<group>"; };
/* End PBXFileReference section */

/* Begin PBXFrameworksBuildPhase section */
		ACC1C71F6B8E82F50459C15E /* Frameworks */ = {
			isa = PBXFrameworksBuildPhase;
			buildActionMask = 2147483647;
			files = (
				1D020BA004CDE71C27F74E6B /* SwiftTerm in Frameworks */,
				75178E1DB285C17B11F63BDD /* KeyboardShortcuts in Frameworks */,
				ACBA68EA4BD35DB03738A5B3 /* LaunchAtLogin in Frameworks */,
			);
			runOnlyForDeploymentPostprocessing = 0;
		};
/* End PBXFrameworksBuildPhase section */

/* Begin PBXGroup section */
		08A8D97552EEA38BF38B1EAC /* Support */ = {
			isa = PBXGroup;
			children = (
				97B4E599A67BC97F0984A7DE /* AppPreferences.swift */,
				C2875C19DE775F52CA41C9FD /* DesignColor.swift */,
				3AF0FBD5E277DB77704AF2A0 /* DirectoryPicker.swift */,
				5CE6F61FE78BE3BE01F940A2 /* UsagePoller.swift */,
				AEF9B6596FAD48CBA9851028 /* UsageProvider.swift */,
				BF951FB26BC8C24C6CDC492C /* UsageSnapshot.swift */,
			);
			path = Support;
			sourceTree = "<group>";
		};
		15AE01E90B40AD896BBC872A /* StatusLine */ = {
			isa = PBXGroup;
			children = (
				926EEE91B02DB8AE327CB964 /* ClaudeCodeStatusLineBridge.swift */,
				44A069497CBE48B885BF3001 /* ClaudeWorkingStateBridge.swift */,
				D26029593FB590C2EBB61486 /* GitInspector.swift */,
				EB24BC0E5D05D52FACEDF0B7 /* Segments.swift */,
				68D3537F5756735855E3C6F4 /* StatusLineController.swift */,
				F40A3E8383462576A8D49343 /* StatusLineSegment.swift */,
				F89AD5372899C90FD51EC8A6 /* StatusLineView.swift */,
			);
			path = StatusLine;
			sourceTree = "<group>";
		};
		29742E556442FF26B0BE6E96 /* Terminal */ = {
			isa = PBXGroup;
			children = (
				804C78731C0B25856DF271F1 /* LoginShell.swift */,
				795FEE7CD362E8E048E2132D /* TerminalViewController.swift */,
				C002FC379834A55747DB57C7 /* WorkingDirectoryResolver.swift */,
			);
			path = Terminal;
			sourceTree = "<group>";
		};
		5472B1C8E6019A2235FDAC02 /* Window */ = {
			isa = PBXGroup;
			children = (
				EEF45AC67ABD442FFF11F5C6 /* DropdownPanel.swift */,
				43349C90DAE56AC7B45A371A /* DropdownPresentable.swift */,
				56B47BB3F3FB2310B6058960 /* DropdownWindowController.swift */,
				0D808B6865F8DCD139EF99EC /* FlippedView.swift */,
				E52376B0B5C6A3D75AFCE61E /* ScreenLocator.swift */,
			);
			path = Window;
			sourceTree = "<group>";
		};
		576B11112B685C3E9722A0A7 /* Usage */ = {
			isa = PBXGroup;
			children = (
				C3A27883AB42C40A374ACF58 /* ClaudeCodeCredentialStore.swift */,
				3115707B2719CBF597CAA816 /* LocalCredentialUsageProvider.swift */,
			);
			path = Usage;
			sourceTree = "<group>";
		};
		5CA8C137BD78449C632E1F8C /* Products */ = {
			isa = PBXGroup;
			children = (
				47B5F8FFC1C8E33F062BD4AC /* ClaudeSnap.app */,
			);
			name = Products;
			sourceTree = "<group>";
		};
		8E73AED87D40B3C08AE965E7 /* Preferences */ = {
			isa = PBXGroup;
			children = (
				763B3A74D3E5C063E934C5CB /* PreferencesView.swift */,
			);
			path = Preferences;
			sourceTree = "<group>";
		};
		8E942B259AD6CC01C1351A47 /* StatusBar */ = {
			isa = PBXGroup;
			children = (
				A8CA38CC44A952C7EBD45342 /* MenuBarIconRenderer.swift */,
				CCC583FE78BF8873998EBB26 /* StatusBarController.swift */,
			);
			path = StatusBar;
			sourceTree = "<group>";
		};
		BF51363A0F21E2671BF8770B /* App */ = {
			isa = PBXGroup;
			children = (
				BF0A36E81F556C4BB8AC4CD1 /* AppDelegate.swift */,
				BC73D81CEDE2F24244813E13 /* AppMain.swift */,
				A0DF9C2E820F9830D126DF65 /* HotkeyManager.swift */,
			);
			path = App;
			sourceTree = "<group>";
		};
		C810282A2ED10E940D286755 = {
			isa = PBXGroup;
			children = (
				F59E5FD999108C9914F223B5 /* ClaudeSnap */,
				5CA8C137BD78449C632E1F8C /* Products */,
			);
			sourceTree = "<group>";
		};
		CA596B78497D3A4ACE7884AB /* Resources */ = {
			isa = PBXGroup;
			children = (
				31132A62B7FBE08DFF049CE6 /* Assets.xcassets */,
				A15F9E5E371A365D6E21A7B1 /* ClaudeSnap.entitlements */,
			);
			path = Resources;
			sourceTree = "<group>";
		};
		F59E5FD999108C9914F223B5 /* ClaudeSnap */ = {
			isa = PBXGroup;
			children = (
				BF51363A0F21E2671BF8770B /* App */,
				8E73AED87D40B3C08AE965E7 /* Preferences */,
				CA596B78497D3A4ACE7884AB /* Resources */,
				8E942B259AD6CC01C1351A47 /* StatusBar */,
				15AE01E90B40AD896BBC872A /* StatusLine */,
				08A8D97552EEA38BF38B1EAC /* Support */,
				29742E556442FF26B0BE6E96 /* Terminal */,
				576B11112B685C3E9722A0A7 /* Usage */,
				5472B1C8E6019A2235FDAC02 /* Window */,
			);
			path = ClaudeSnap;
			sourceTree = "<group>";
		};
/* End PBXGroup section */

/* Begin PBXNativeTarget section */
		6E5F2D947D1D49211D3D2B39 /* ClaudeSnap */ = {
			isa = PBXNativeTarget;
			buildConfigurationList = 55D4FA4A10F461FDFE5F83DA /* Build configuration list for PBXNativeTarget "ClaudeSnap" */;
			buildPhases = (
				6B0B4AD671257A2BEFEAFB7E /* Sources */,
				147531F718EA5455C77B7A80 /* Resources */,
				ACC1C71F6B8E82F50459C15E /* Frameworks */,
			);
			buildRules = (
			);
			dependencies = (
			);
			name = ClaudeSnap;
			packageProductDependencies = (
				2E3976FB8BD5DE166B6D3657 /* SwiftTerm */,
				7ABF5A4C576CBCCEAE32832F /* KeyboardShortcuts */,
				A63403B77067CB9AFC9DC844 /* LaunchAtLogin */,
			);
			productName = ClaudeSnap;
			productReference = 47B5F8FFC1C8E33F062BD4AC /* ClaudeSnap.app */;
			productType = "com.apple.product-type.application";
		};
/* End PBXNativeTarget section */

/* Begin PBXProject section */
		8362205E5850836E304B07BF /* Project object */ = {
			isa = PBXProject;
			attributes = {
				BuildIndependentTargetsInParallel = YES;
				LastUpgradeCheck = 1430;
				TargetAttributes = {
					6E5F2D947D1D49211D3D2B39 = {
						DevelopmentTeam = 88V8YTB2ZK;
						ProvisioningStyle = Automatic;
					};
				};
			};
			buildConfigurationList = E46A5DFA238472FDA56A289D /* Build configuration list for PBXProject "ClaudeSnap" */;
			developmentRegion = en;
			hasScannedForEncodings = 0;
			knownRegions = (
				Base,
				en,
			);
			mainGroup = C810282A2ED10E940D286755;
			minimizedProjectReferenceProxies = 1;
			packageReferences = (
				7834BCE7ED91E19366178625 /* XCRemoteSwiftPackageReference "KeyboardShortcuts" */,
				41821634584F14F5FD547007 /* XCRemoteSwiftPackageReference "LaunchAtLogin-Modern" */,
				D6FA58FB5673EA398F2860E9 /* XCRemoteSwiftPackageReference "SwiftTerm" */,
			);
			preferredProjectObjectVersion = 77;
			productRefGroup = 5CA8C137BD78449C632E1F8C /* Products */;
			projectDirPath = "";
			projectRoot = "";
			targets = (
				6E5F2D947D1D49211D3D2B39 /* ClaudeSnap */,
			);
		};
/* End PBXProject section */

/* Begin PBXResourcesBuildPhase section */
		147531F718EA5455C77B7A80 /* Resources */ = {
			isa = PBXResourcesBuildPhase;
			buildActionMask = 2147483647;
			files = (
				7A0D5BC6E04514C00BD68275 /* Assets.xcassets in Resources */,
			);
			runOnlyForDeploymentPostprocessing = 0;
		};
/* End PBXResourcesBuildPhase section */

/* Begin PBXSourcesBuildPhase section */
		6B0B4AD671257A2BEFEAFB7E /* Sources */ = {
			isa = PBXSourcesBuildPhase;
			buildActionMask = 2147483647;
			files = (
				D825834FA3D8475A9BAD0AAF /* AppDelegate.swift in Sources */,
				3D6977B21393E3EDF47C754F /* AppMain.swift in Sources */,
				874FE61810F0E6E99D0DF03A /* AppPreferences.swift in Sources */,
				72F34BD65FB5197230412D1B /* ClaudeCodeCredentialStore.swift in Sources */,
				A3512258DECE17BD8F067FC6 /* ClaudeCodeStatusLineBridge.swift in Sources */,
				61E9A7464D53495AA41B8021 /* ClaudeWorkingStateBridge.swift in Sources */,
				46353A68F51FB7BCF8544CF6 /* DesignColor.swift in Sources */,
				05D4897304455B589E36DE9A /* DirectoryPicker.swift in Sources */,
				9989CF6344FE36E62A46A41C /* DropdownPanel.swift in Sources */,
				078A1A7C9381564D7580928F /* DropdownPresentable.swift in Sources */,
				0EA63DE5AA7C4F25235FD777 /* DropdownWindowController.swift in Sources */,
				A7DFB6C3D26B9BDB72A6EB9D /* FlippedView.swift in Sources */,
				E9854BC5E6BDB6B0FD200643 /* GitInspector.swift in Sources */,
				0D37E187AEC42E143AE88E3B /* HotkeyManager.swift in Sources */,
				2D8EDF9B60BFB4255FE0534F /* LocalCredentialUsageProvider.swift in Sources */,
				28B24BD020D1AAC8526800F4 /* LoginShell.swift in Sources */,
				8597B0E645748C8C99EE5B25 /* MenuBarIconRenderer.swift in Sources */,
				F4A73C99BC3743068CCAAFD4 /* PreferencesView.swift in Sources */,
				9A54F84A0DA08E9396351A31 /* ScreenLocator.swift in Sources */,
				EEDCA121F3ED38D13A5A5D42 /* Segments.swift in Sources */,
				582EDF7D903F5F9702CD8C7B /* StatusBarController.swift in Sources */,
				BD5CA292F1BF61196E6F1AF6 /* StatusLineController.swift in Sources */,
				1CFE60F001570B765EC433A3 /* StatusLineSegment.swift in Sources */,
				A6E14D1330BA9FA8A2A8F41B /* StatusLineView.swift in Sources */,
				76E5A157438425DA968E7A1B /* TerminalViewController.swift in Sources */,
				ED51713D274471C7C2412D13 /* UsagePoller.swift in Sources */,
				89C01A7EE3A0276CDFE662E4 /* UsageProvider.swift in Sources */,
				F8BE40B4B2681E73E8670B13 /* UsageSnapshot.swift in Sources */,
				1ECE9346273B3067B9117CC0 /* WorkingDirectoryResolver.swift in Sources */,
			);
			runOnlyForDeploymentPostprocessing = 0;
		};
/* End PBXSourcesBuildPhase section */

/* Begin XCBuildConfiguration section */
		3C54324BDD888427B525DDFA /* Release */ = {
			isa = XCBuildConfiguration;
			buildSettings = {
				ASSETCATALOG_COMPILER_APPICON_NAME = AppIcon;
				ASSETCATALOG_COMPILER_GLOBAL_ACCENT_COLOR_NAME = AccentColor;
				CODE_SIGN_ENTITLEMENTS = ClaudeSnap/Resources/ClaudeSnap.entitlements;
				CODE_SIGN_STYLE = Automatic;
				COMBINE_HIDPI_IMAGES = YES;
				DEVELOPMENT_TEAM = 88V8YTB2ZK;
				ENABLE_HARDENED_RUNTIME = YES;
				INFOPLIST_FILE = ClaudeSnap/Resources/Info.plist;
				LD_RUNPATH_SEARCH_PATHS = (
					"$(inherited)",
					"@executable_path/../Frameworks",
				);
				MACOSX_DEPLOYMENT_TARGET = 13.0;
				PRODUCT_BUNDLE_IDENTIFIER = dev.ashwincherian.ClaudeSnap;
				SDKROOT = macosx;
				SWIFT_VERSION = 5.0;
			};
			name = Release;
		};
		DDA25CD99D44072CF17AD7E4 /* Debug */ = {
			isa = XCBuildConfiguration;
			buildSettings = {
				ALWAYS_SEARCH_USER_PATHS = NO;
				CLANG_ANALYZER_NONNULL = YES;
				CLANG_ANALYZER_NUMBER_OBJECT_CONVERSION = YES_AGGRESSIVE;
				CLANG_CXX_LANGUAGE_STANDARD = "gnu++14";
				CLANG_CXX_LIBRARY = "libc++";
				CLANG_ENABLE_MODULES = YES;
				CLANG_ENABLE_OBJC_ARC = YES;
				CLANG_ENABLE_OBJC_WEAK = YES;
				CLANG_WARN_BLOCK_CAPTURE_AUTORELEASING = YES;
				CLANG_WARN_BOOL_CONVERSION = YES;
				CLANG_WARN_COMMA = YES;
				CLANG_WARN_CONSTANT_CONVERSION = YES;
				CLANG_WARN_DEPRECATED_OBJC_IMPLEMENTATIONS = YES;
				CLANG_WARN_DIRECT_OBJC_ISA_USAGE = YES_ERROR;
				CLANG_WARN_DOCUMENTATION_COMMENTS = YES;
				CLANG_WARN_EMPTY_BODY = YES;
				CLANG_WARN_ENUM_CONVERSION = YES;
				CLANG_WARN_INFINITE_RECURSION = YES;
				CLANG_WARN_INT_CONVERSION = YES;
				CLANG_WARN_NON_LITERAL_NULL_CONVERSION = YES;
				CLANG_WARN_OBJC_IMPLICIT_RETAIN_SELF = YES;
				CLANG_WARN_OBJC_LITERAL_CONVERSION = YES;
				CLANG_WARN_OBJC_ROOT_CLASS = YES_ERROR;
				CLANG_WARN_QUOTED_INCLUDE_IN_FRAMEWORK_HEADER = YES;
				CLANG_WARN_RANGE_LOOP_ANALYSIS = YES;
				CLANG_WARN_STRICT_PROTOTYPES = YES;
				CLANG_WARN_SUSPICIOUS_MOVE = YES;
				CLANG_WARN_UNGUARDED_AVAILABILITY = YES_AGGRESSIVE;
				CLANG_WARN_UNREACHABLE_CODE = YES;
				CLANG_WARN__DUPLICATE_METHOD_MATCH = YES;
				COPY_PHASE_STRIP = NO;
				DEBUG_INFORMATION_FORMAT = dwarf;
				ENABLE_STRICT_OBJC_MSGSEND = YES;
				ENABLE_TESTABILITY = YES;
				GCC_C_LANGUAGE_STANDARD = gnu11;
				GCC_DYNAMIC_NO_PIC = NO;
				GCC_NO_COMMON_BLOCKS = YES;
				GCC_OPTIMIZATION_LEVEL = 0;
				GCC_PREPROCESSOR_DEFINITIONS = (
					"$(inherited)",
					"DEBUG=1",
				);
				GCC_WARN_64_TO_32_BIT_CONVERSION = YES;
				GCC_WARN_ABOUT_RETURN_TYPE = YES_ERROR;
				GCC_WARN_UNDECLARED_SELECTOR = YES;
				GCC_WARN_UNINITIALIZED_AUTOS = YES_AGGRESSIVE;
				GCC_WARN_UNUSED_FUNCTION = YES;
				GCC_WARN_UNUSED_VARIABLE = YES;
				MACOSX_DEPLOYMENT_TARGET = 13.0;
				MTL_ENABLE_DEBUG_INFO = INCLUDE_SOURCE;
				MTL_FAST_MATH = YES;
				ONLY_ACTIVE_ARCH = YES;
				PRODUCT_NAME = "$(TARGET_NAME)";
				SDKROOT = macosx;
				SWIFT_ACTIVE_COMPILATION_CONDITIONS = DEBUG;
				SWIFT_OPTIMIZATION_LEVEL = "-Onone";
				SWIFT_VERSION = 5.0;
			};
			name = Debug;
		};
		EB19BD579965ECB141FBA6A3 /* Debug */ = {
			isa = XCBuildConfiguration;
			buildSettings = {
				ASSETCATALOG_COMPILER_APPICON_NAME = AppIcon;
				ASSETCATALOG_COMPILER_GLOBAL_ACCENT_COLOR_NAME = AccentColor;
				CODE_SIGN_ENTITLEMENTS = ClaudeSnap/Resources/ClaudeSnap.entitlements;
				CODE_SIGN_STYLE = Automatic;
				COMBINE_HIDPI_IMAGES = YES;
				DEVELOPMENT_TEAM = 88V8YTB2ZK;
				ENABLE_HARDENED_RUNTIME = YES;
				INFOPLIST_FILE = ClaudeSnap/Resources/Info.plist;
				LD_RUNPATH_SEARCH_PATHS = (
					"$(inherited)",
					"@executable_path/../Frameworks",
				);
				MACOSX_DEPLOYMENT_TARGET = 13.0;
				PRODUCT_BUNDLE_IDENTIFIER = dev.ashwincherian.ClaudeSnap;
				SDKROOT = macosx;
				SWIFT_VERSION = 5.0;
			};
			name = Debug;
		};
		EDAA509993A8299D06374969 /* Release */ = {
			isa = XCBuildConfiguration;
			buildSettings = {
				ALWAYS_SEARCH_USER_PATHS = NO;
				CLANG_ANALYZER_NONNULL = YES;
				CLANG_ANALYZER_NUMBER_OBJECT_CONVERSION = YES_AGGRESSIVE;
				CLANG_CXX_LANGUAGE_STANDARD = "gnu++14";
				CLANG_CXX_LIBRARY = "libc++";
				CLANG_ENABLE_MODULES = YES;
				CLANG_ENABLE_OBJC_ARC = YES;
				CLANG_ENABLE_OBJC_WEAK = YES;
				CLANG_WARN_BLOCK_CAPTURE_AUTORELEASING = YES;
				CLANG_WARN_BOOL_CONVERSION = YES;
				CLANG_WARN_COMMA = YES;
				CLANG_WARN_CONSTANT_CONVERSION = YES;
				CLANG_WARN_DEPRECATED_OBJC_IMPLEMENTATIONS = YES;
				CLANG_WARN_DIRECT_OBJC_ISA_USAGE = YES_ERROR;
				CLANG_WARN_DOCUMENTATION_COMMENTS = YES;
				CLANG_WARN_EMPTY_BODY = YES;
				CLANG_WARN_ENUM_CONVERSION = YES;
				CLANG_WARN_INFINITE_RECURSION = YES;
				CLANG_WARN_INT_CONVERSION = YES;
				CLANG_WARN_NON_LITERAL_NULL_CONVERSION = YES;
				CLANG_WARN_OBJC_IMPLICIT_RETAIN_SELF = YES;
				CLANG_WARN_OBJC_LITERAL_CONVERSION = YES;
				CLANG_WARN_OBJC_ROOT_CLASS = YES_ERROR;
				CLANG_WARN_QUOTED_INCLUDE_IN_FRAMEWORK_HEADER = YES;
				CLANG_WARN_RANGE_LOOP_ANALYSIS = YES;
				CLANG_WARN_STRICT_PROTOTYPES = YES;
				CLANG_WARN_SUSPICIOUS_MOVE = YES;
				CLANG_WARN_UNGUARDED_AVAILABILITY = YES_AGGRESSIVE;
				CLANG_WARN_UNREACHABLE_CODE = YES;
				CLANG_WARN__DUPLICATE_METHOD_MATCH = YES;
				COPY_PHASE_STRIP = NO;
				DEBUG_INFORMATION_FORMAT = "dwarf-with-dsym";
				ENABLE_NS_ASSERTIONS = NO;
				ENABLE_STRICT_OBJC_MSGSEND = YES;
				GCC_C_LANGUAGE_STANDARD = gnu11;
				GCC_NO_COMMON_BLOCKS = YES;
				GCC_WARN_64_TO_32_BIT_CONVERSION = YES;
				GCC_WARN_ABOUT_RETURN_TYPE = YES_ERROR;
				GCC_WARN_UNDECLARED_SELECTOR = YES;
				GCC_WARN_UNINITIALIZED_AUTOS = YES_AGGRESSIVE;
				GCC_WARN_UNUSED_FUNCTION = YES;
				GCC_WARN_UNUSED_VARIABLE = YES;
				MACOSX_DEPLOYMENT_TARGET = 13.0;
				MTL_ENABLE_DEBUG_INFO = NO;
				MTL_FAST_MATH = YES;
				PRODUCT_NAME = "$(TARGET_NAME)";
				SDKROOT = macosx;
				SWIFT_COMPILATION_MODE = wholemodule;
				SWIFT_OPTIMIZATION_LEVEL = "-O";
				SWIFT_VERSION = 5.0;
			};
			name = Release;
		};
/* End XCBuildConfiguration section */

/* Begin XCConfigurationList section */
		55D4FA4A10F461FDFE5F83DA /* Build configuration list for PBXNativeTarget "ClaudeSnap" */ = {
			isa = XCConfigurationList;
			buildConfigurations = (
				EB19BD579965ECB141FBA6A3 /* Debug */,
				3C54324BDD888427B525DDFA /* Release */,
			);
			defaultConfigurationIsVisible = 0;
			defaultConfigurationName = Debug;
		};
		E46A5DFA238472FDA56A289D /* Build configuration list for PBXProject "ClaudeSnap" */ = {
			isa = XCConfigurationList;
			buildConfigurations = (
				DDA25CD99D44072CF17AD7E4 /* Debug */,
				EDAA509993A8299D06374969 /* Release */,
			);
			defaultConfigurationIsVisible = 0;
			defaultConfigurationName = Debug;
		};
/* End XCConfigurationList section */

/* Begin XCRemoteSwiftPackageReference section */
		41821634584F14F5FD547007 /* XCRemoteSwiftPackageReference "LaunchAtLogin-Modern" */ = {
			isa = XCRemoteSwiftPackageReference;
			repositoryURL = "https://github.com/sindresorhus/LaunchAtLogin-Modern";
			requirement = {
				kind = upToNextMajorVersion;
				minimumVersion = 1.0.0;
			};
		};
		7834BCE7ED91E19366178625 /* XCRemoteSwiftPackageReference "KeyboardShortcuts" */ = {
			isa = XCRemoteSwiftPackageReference;
			repositoryURL = "https://github.com/sindresorhus/KeyboardShortcuts";
			requirement = {
				kind = upToNextMajorVersion;
				minimumVersion = 2.2.0;
			};
		};
		D6FA58FB5673EA398F2860E9 /* XCRemoteSwiftPackageReference "SwiftTerm" */ = {
			isa = XCRemoteSwiftPackageReference;
			repositoryURL = "https://github.com/migueldeicaza/SwiftTerm";
			requirement = {
				kind = upToNextMajorVersion;
				minimumVersion = 1.2.0;
			};
		};
/* End XCRemoteSwiftPackageReference section */

/* Begin XCSwiftPackageProductDependency section */
		2E3976FB8BD5DE166B6D3657 /* SwiftTerm */ = {
			isa = XCSwiftPackageProductDependency;
			package = D6FA58FB5673EA398F2860E9 /* XCRemoteSwiftPackageReference "SwiftTerm" */;
			productName = SwiftTerm;
		};
		7ABF5A4C576CBCCEAE32832F /* KeyboardShortcuts */ = {
			isa = XCSwiftPackageProductDependency;
			package = 7834BCE7ED91E19366178625 /* XCRemoteSwiftPackageReference "KeyboardShortcuts" */;
			productName = KeyboardShortcuts;
		};
		A63403B77067CB9AFC9DC844 /* LaunchAtLogin */ = {
			isa = XCSwiftPackageProductDependency;
			package = 41821634584F14F5FD547007 /* XCRemoteSwiftPackageReference "LaunchAtLogin-Modern" */;
			productName = LaunchAtLogin;
		};
/* End XCSwiftPackageProductDependency section */
	};
	rootObject = 8362205E5850836E304B07BF /* Project object */;
}
